
Microsoft Visual Studio Solution File, Format Version 12.00
# Visual Studio Version 17
VisualStudioVersion = 17.5.33516.290
MinimumVisualStudioVersion = 10.0.40219.1
Project("{FAE04EC0-301F-11D3-BF4B-00C04F79EFBC}") = "ProjectTaskManagementSystem", "ProjectTaskManagementSystem\ProjectTaskManagementSystem.csproj", "{501E92E3-B064-45BB-882E-8F5AF8E05B9B}"
EndProject
Project("{FAE04EC0-301F-11D3-BF4B-00C04F79EFBC}") = "ProjectTaskManagementSystemLibrary", "ProjectTaskManagementSystemLibrary\ProjectTaskManagementSystemLibrary.csproj", "{8DA31BB5-9B27-4932-B9A6-03B94BD62D4C}"
EndProject
Global
	GlobalSection(SolutionConfigurationPlatforms) = preSolution
		Debug|Any CPU = Debug|Any CPU
		Release|Any CPU = Release|Any CPU
	EndGlobalSection
	GlobalSection(ProjectConfigurationPlatforms) = postSolution
		{501E92E3-B064-45BB-882E-8F5AF8E05B9B}.Debug|Any CPU.ActiveCfg = Debug|Any CPU
		{501E92E3-B064-45BB-882E-8F5AF8E05B9B}.Debug|Any CPU.Build.0 = Debug|Any CPU
		{501E92E3-B064-45BB-882E-8F5AF8E05B9B}.Release|Any CPU.ActiveCfg = Release|Any CPU
		{501E92E3-B064-45BB-882E-8F5AF8E05B9B}.Release|Any CPU.Build.0 = Release|Any CPU
		{8DA31BB5-9B27-4932-B9A6-03B94BD62D4C}.Debug|Any CPU.ActiveCfg = Debug|Any CPU
		{8DA31BB5-9B27-4932-B9A6-03B94BD62D4C}.Debug|Any CPU.Build.0 = Debug|Any CPU
		{8DA31BB5-9B27-4932-B9A6-03B94BD62D4C}.Release|Any CPU.ActiveCfg = Release|Any CPU
		{8DA31BB5-9B27-4932-B9A6-03B94BD62D4C}.Release|Any CPU.Build.0 = Release|Any CPU
	EndGlobalSection
	GlobalSection(SolutionProperties) = preSolution
		HideSolutionNode = FALSE
	EndGlobalSection
	GlobalSection(ExtensibilityGlobals) = postSolution
		SolutionGuid = {408D3839-68F4-444B-B1B4-7222F4CEAFA6}
	EndGlobalSection
EndGlobal
